
Microsoft Visual Studio Solution File, Format Version 12.00
# Visual Studio Version 17
VisualStudioVersion = 17.8.34330.188
MinimumVisualStudioVersion = 10.0.40219.1
Project("{FAE04EC0-301F-11D3-BF4B-00C04F79EFBC}") = "RandomNumberGame", "RandomNumberGame.csproj", "{3AB8E138-520D-4BD0-A660-1544FC954C76}"
EndProject
Global
	GlobalSection(SolutionConfigurationPlatforms) = preSolution
		Debug|Any CPU = Debug|Any CPU
		Release|Any CPU = Release|Any CPU
	EndGlobalSection
	GlobalSection(ProjectConfigurationPlatforms) = postSolution
		{3AB8E138-520D-4BD0-A660-1544FC954C76}.Debug|Any CPU.ActiveCfg = Debug|Any CPU
		{3AB8E138-520D-4BD0-A660-1544FC954C76}.Debug|Any CPU.Build.0 = Debug|Any CPU
		{3AB8E138-520D-4BD0-A660-1544FC954C76}.Release|Any CPU.ActiveCfg = Release|Any CPU
		{3AB8E138-520D-4BD0-A660-1544FC954C76}.Release|Any CPU.Build.0 = Release|Any CPU
	EndGlobalSection
	GlobalSection(SolutionProperties) = preSolution
		HideSolutionNode = FALSE
	EndGlobalSection
	GlobalSection(ExtensibilityGlobals) = postSolution
		SolutionGuid = {385ADA7D-1587-4C02-860C-52253AAB3425}
	EndGlobalSection
EndGlobal
