
Microsoft Visual Studio Solution File, Format Version 12.00
# Visual Studio Version 17
VisualStudioVersion = 17.8.34511.84
MinimumVisualStudioVersion = 10.0.40219.1
Project("{FAE04EC0-301F-11D3-BF4B-00C04F79EFBC}") = "HTMLPages", "HTMLPages.csproj", "{55CD5510-C5A2-47C2-9F83-50EC793ACAD4}"
EndProject
Global
	GlobalSection(SolutionConfigurationPlatforms) = preSolution
		Debug|Any CPU = Debug|Any CPU
		Release|Any CPU = Release|Any CPU
	EndGlobalSection
	GlobalSection(ProjectConfigurationPlatforms) = postSolution
		{55CD5510-C5A2-47C2-9F83-50EC793ACAD4}.Debug|Any CPU.ActiveCfg = Debug|Any CPU
		{55CD5510-C5A2-47C2-9F83-50EC793ACAD4}.Debug|Any CPU.Build.0 = Debug|Any CPU
		{55CD5510-C5A2-47C2-9F83-50EC793ACAD4}.Release|Any CPU.ActiveCfg = Release|Any CPU
		{55CD5510-C5A2-47C2-9F83-50EC793ACAD4}.Release|Any CPU.Build.0 = Release|Any CPU
	EndGlobalSection
	GlobalSection(SolutionProperties) = preSolution
		HideSolutionNode = FALSE
	EndGlobalSection
	GlobalSection(ExtensibilityGlobals) = postSolution
		SolutionGuid = {AE86FE1F-2A4B-4139-B0C3-B7AEAB134AB4}
	EndGlobalSection
EndGlobal
