
Microsoft Visual Studio Solution File, Format Version 12.00
# Visual Studio Version 17
VisualStudioVersion = 17.8.34511.84
MinimumVisualStudioVersion = 10.0.40219.1
Project("{FAE04EC0-301F-11D3-BF4B-00C04F79EFBC}") = "Angular", "Angular.csproj", "{444926F5-BEF7-4B14-AFD2-C77BAD506023}"
EndProject
Global
	GlobalSection(SolutionConfigurationPlatforms) = preSolution
		Debug|Any CPU = Debug|Any CPU
		Release|Any CPU = Release|Any CPU
	EndGlobalSection
	GlobalSection(ProjectConfigurationPlatforms) = postSolution
		{444926F5-BEF7-4B14-AFD2-C77BAD506023}.Debug|Any CPU.ActiveCfg = Debug|Any CPU
		{444926F5-BEF7-4B14-AFD2-C77BAD506023}.Debug|Any CPU.Build.0 = Debug|Any CPU
		{444926F5-BEF7-4B14-AFD2-C77BAD506023}.Release|Any CPU.ActiveCfg = Release|Any CPU
		{444926F5-BEF7-4B14-AFD2-C77BAD506023}.Release|Any CPU.Build.0 = Release|Any CPU
	EndGlobalSection
	GlobalSection(SolutionProperties) = preSolution
		HideSolutionNode = FALSE
	EndGlobalSection
	GlobalSection(ExtensibilityGlobals) = postSolution
		SolutionGuid = {CA5C1684-D32F-49C2-AA07-B0E1CF196E02}
	EndGlobalSection
EndGlobal
